version = 1
requires-python = ">=3.12"

[[package]]
name = "2025-water-crisis"
version = "0.1.0"
source = { virtual = "." }
dependencies = [
    { name = "fiona" },
    { name = "h3" },
    { name = "shapely" },
]

[package.metadata]
requires-dist = [
    { name = "fiona", specifier = ">=1.10.1" },
    { name = "h3", specifier = ">=4.1.2" },
    { name = "shapely", specifier = ">=2.0.6" },
]

[[package]]
name = "attrs"
version = "24.3.0"
source = { registry = "https://pypi.org/simple" }
sdist = { url = "https://files.pythonhosted.org/packages/48/c8/6260f8ccc11f0917360fc0da435c5c9c7504e3db174d5a12a1494887b045/attrs-24.3.0.tar.gz", hash = "sha256:8f5c07333d543103541ba7be0e2ce16eeee8130cb0b3f9238ab904ce1e85baff", size = 805984 }
wheels = [
    { url = "https://files.pythonhosted.org/packages/89/aa/ab0f7891a01eeb2d2e338ae8fecbe57fcebea1a24dbb64d45801bfab481d/attrs-24.3.0-py3-none-any.whl", hash = "sha256:ac96cd038792094f438ad1f6ff80837353805ac950cd2aa0e0625ef19850c308", size = 63397 },
]

[[package]]
name = "certifi"
version = "2024.12.14"
source = { registry = "https://pypi.org/simple" }
sdist = { url = "https://files.pythonhosted.org/packages/0f/bd/1d41ee578ce09523c81a15426705dd20969f5abf006d1afe8aeff0dd776a/certifi-2024.12.14.tar.gz", hash = "sha256:b650d30f370c2b724812bee08008be0c4163b163ddaec3f2546c1caf65f191db", size = 166010 }
wheels = [
    { url = "https://files.pythonhosted.org/packages/a5/32/8f6669fc4798494966bf446c8c4a162e0b5d893dff088afddf76414f70e1/certifi-2024.12.14-py3-none-any.whl", hash = "sha256:1275f7a45be9464efc1173084eaa30f866fe2e47d389406136d332ed4967ec56", size = 164927 },
]

[[package]]
name = "click"
version = "8.1.8"
source = { registry = "https://pypi.org/simple" }
dependencies = [
    { name = "colorama", marker = "platform_system == 'Windows'" },
]
sdist = { url = "https://files.pythonhosted.org/packages/b9/2e/0090cbf739cee7d23781ad4b89a9894a41538e4fcf4c31dcdd705b78eb8b/click-8.1.8.tar.gz", hash = "sha256:ed53c9d8990d83c2a27deae68e4ee337473f6330c040a31d4225c9574d16096a", size = 226593 }
wheels = [
    { url = "https://files.pythonhosted.org/packages/7e/d4/7ebdbd03970677812aac39c869717059dbb71a4cfc033ca6e5221787892c/click-8.1.8-py3-none-any.whl", hash = "sha256:63c132bbbed01578a06712a2d1f497bb62d9c1c0d329b7903a866228027263b2", size = 98188 },
]

[[package]]
name = "click-plugins"
version = "1.1.1"
source = { registry = "https://pypi.org/simple" }
dependencies = [
    { name = "click" },
]
sdist = { url = "https://files.pythonhosted.org/packages/5f/1d/45434f64ed749540af821fd7e42b8e4d23ac04b1eda7c26613288d6cd8a8/click-plugins-1.1.1.tar.gz", hash = "sha256:46ab999744a9d831159c3411bb0c79346d94a444df9a3a3742e9ed63645f264b", size = 8164 }
wheels = [
    { url = "https://files.pythonhosted.org/packages/e9/da/824b92d9942f4e472702488857914bdd50f73021efea15b4cad9aca8ecef/click_plugins-1.1.1-py2.py3-none-any.whl", hash = "sha256:5d262006d3222f5057fd81e1623d4443e41dcda5dc815c06b442aa3c02889fc8", size = 7497 },
]

[[package]]
name = "cligj"
version = "0.7.2"
source = { registry = "https://pypi.org/simple" }
dependencies = [
    { name = "click" },
]
sdist = { url = "https://files.pythonhosted.org/packages/ea/0d/837dbd5d8430fd0f01ed72c4cfb2f548180f4c68c635df84ce87956cff32/cligj-0.7.2.tar.gz", hash = "sha256:a4bc13d623356b373c2c27c53dbd9c68cae5d526270bfa71f6c6fa69669c6b27", size = 9803 }
wheels = [
    { url = "https://files.pythonhosted.org/packages/73/86/43fa9f15c5b9fb6e82620428827cd3c284aa933431405d1bcf5231ae3d3e/cligj-0.7.2-py3-none-any.whl", hash = "sha256:c1ca117dbce1fe20a5809dc96f01e1c2840f6dcc939b3ddbb1111bf330ba82df", size = 7069 },
]

[[package]]
name = "colorama"
version = "0.4.6"
source = { registry = "https://pypi.org/simple" }
sdist = { url = "https://files.pythonhosted.org/packages/d8/53/6f443c9a4a8358a93a6792e2acffb9d9d5cb0a5cfd8802644b7b1c9a02e4/colorama-0.4.6.tar.gz", hash = "sha256:08695f5cb7ed6e0531a20572697297273c47b8cae5a63ffc6d6ed5c201be6e44", size = 27697 }
wheels = [
    { url = "https://files.pythonhosted.org/packages/d1/d6/3965ed04c63042e047cb6a3e6ed1a63a35087b6a609aa3a15ed8ac56c221/colorama-0.4.6-py2.py3-none-any.whl", hash = "sha256:4f1d9991f5acc0ca119f9d443620b77f9d6b33703e51011c16baf57afb285fc6", size = 25335 },
]

[[package]]
name = "fiona"
version = "1.10.1"
source = { registry = "https://pypi.org/simple" }
dependencies = [
    { name = "attrs" },
    { name = "certifi" },
    { name = "click" },
    { name = "click-plugins" },
    { name = "cligj" },
]
sdist = { url = "https://files.pythonhosted.org/packages/51/e0/71b63839cc609e1d62cea2fc9774aa605ece7ea78af823ff7a8f1c560e72/fiona-1.10.1.tar.gz", hash = "sha256:b00ae357669460c6491caba29c2022ff0acfcbde86a95361ea8ff5cd14a86b68", size = 444606 }
wheels = [
    { url = "https://files.pythonhosted.org/packages/73/ab/036c418d531afb74abe4ca9a8be487b863901fe7b42ddba1ba2fb0681d77/fiona-1.10.1-cp312-cp312-macosx_10_15_x86_64.whl", hash = "sha256:7338b8c68beb7934bde4ec9f49eb5044e5e484b92d940bc3ec27defdb2b06c67", size = 16114589 },
    { url = "https://files.pythonhosted.org/packages/ba/45/693c1cca53023aaf6e3adc11422080f5fa427484e7b85e48f19c40d6357f/fiona-1.10.1-cp312-cp312-macosx_11_0_arm64.whl", hash = "sha256:8c77fcfd3cdb0d3c97237965f8c60d1696a64923deeeb2d0b9810286cbe25911", size = 14754603 },
    { url = "https://files.pythonhosted.org/packages/dc/78/be204fb409b59876ef4658710a022794f16f779a3e9e7df654acc38b2104/fiona-1.10.1-cp312-cp312-manylinux_2_17_x86_64.manylinux2014_x86_64.whl", hash = "sha256:537872cbc9bda7fcdf73851c91bc5338fca2b502c4c17049ccecaa13cde1f18f", size = 17223639 },
    { url = "https://files.pythonhosted.org/packages/7e/0d/914fd3c4c32043c2c512fa5021e83b2348e1b7a79365d75a0a37cb545362/fiona-1.10.1-cp312-cp312-win_amd64.whl", hash = "sha256:41cde2c52c614457e9094ea44b0d30483540789e62fe0fa758c2a2963e980817", size = 24464921 },
    { url = "https://files.pythonhosted.org/packages/c5/e0/665ce969cab6339c19527318534236e5e4184ee03b38cd474497ebd22f4d/fiona-1.10.1-cp313-cp313-macosx_10_15_x86_64.whl", hash = "sha256:a00b05935c9900678b2ca660026b39efc4e4b916983915d595964eb381763ae7", size = 16106571 },
    { url = "https://files.pythonhosted.org/packages/23/c8/150094fbc4220d22217f480cc67b6ee4c2f4324b4b58cd25527cd5905937/fiona-1.10.1-cp313-cp313-macosx_11_0_arm64.whl", hash = "sha256:f78b781d5bcbbeeddf1d52712f33458775dbb9fd1b2a39882c83618348dd730f", size = 14738178 },
    { url = "https://files.pythonhosted.org/packages/20/83/63da54032c0c03d4921b854111e33d3a1dadec5d2b7e741fba6c8c6486a6/fiona-1.10.1-cp313-cp313-manylinux_2_17_x86_64.manylinux2014_x86_64.whl", hash = "sha256:29ceeb38e3cd30d91d68858d0817a1bb0c4f96340d334db4b16a99edb0902d35", size = 17221414 },
    { url = "https://files.pythonhosted.org/packages/60/14/5ef47002ef19bd5cfbc7a74b21c30ef83f22beb80609314ce0328989ceda/fiona-1.10.1-cp313-cp313-win_amd64.whl", hash = "sha256:15751c90e29cee1e01fcfedf42ab85987e32f0b593cf98d88ed52199ef5ca623", size = 24461486 },
]

[[package]]
name = "h3"
version = "4.1.2"
source = { registry = "https://pypi.org/simple" }
sdist = { url = "https://files.pythonhosted.org/packages/01/15/2af9544bfdd1a0a419769d8f74c5da5ea1860629ff4d5148017a2b1bccf6/h3-4.1.2.tar.gz", hash = "sha256:505344f080b2fee96c1124fc0f9d9ba56c74cb46d17692b8ab5de6ce241b3ad0", size = 148572 }
wheels = [
    { url = "https://files.pythonhosted.org/packages/a1/91/e253f888a1ca61eac9534bbf411c6aca1f02e2f9db1d5bd719939d72d159/h3-4.1.2-cp312-cp312-macosx_10_13_x86_64.whl", hash = "sha256:e6cedb9931098a3bd81b8571105384abeb75c50b2ee8d5c1335b1ac034717c07", size = 863176 },
    { url = "https://files.pythonhosted.org/packages/f3/b9/428c70452f1b74f91fd10e5cc42dae18292b754a847eb59148086b11cb2d/h3-4.1.2-cp312-cp312-macosx_11_0_arm64.whl", hash = "sha256:a77f901957f1f8a1a6aaee0380dd1ee504eb9cf15290d9944c3f8d303cefd299", size = 801315 },
    { url = "https://files.pythonhosted.org/packages/c1/d6/cac04287d6025069338314542828b3b95a46de25cb4f1f7fe2e8fbb55375/h3-4.1.2-cp312-cp312-manylinux_2_17_aarch64.manylinux2014_aarch64.whl", hash = "sha256:a7ea3c418dc595f37ee37184dfdca670dffaa5bdf42d8383f0e1b6a6cb233b5b", size = 977011 },
    { url = "https://files.pythonhosted.org/packages/89/af/8917a380ef342b715197fc05ebe49b79d127a7134bbbc4ed7729650ddd14/h3-4.1.2-cp312-cp312-manylinux_2_17_x86_64.manylinux2014_x86_64.whl", hash = "sha256:194774640e30f849ca69ebcfd0a8b73e580ad87592a40e52f522af670bf23f7d", size = 978175 },
    { url = "https://files.pythonhosted.org/packages/13/79/a266c25e673cf1d6fe235fb5eddde10e34b1278dc7710d10452e53faad17/h3-4.1.2-cp312-cp312-musllinux_1_2_x86_64.whl", hash = "sha256:844eddfefcfbafac2fb17f93910bda00fd2fd85a4194145363f84233340d1273", size = 1025172 },
    { url = "https://files.pythonhosted.org/packages/34/8f/7d5905e44f8aa5ca047d54737a37267e10be2108b455689539611b59b6ff/h3-4.1.2-cp312-cp312-win_amd64.whl", hash = "sha256:e9c78eb4240ed737157b8e7ab764ac6bdebbb7643f6ed1d769cc638efcba558a", size = 781406 },
    { url = "https://files.pythonhosted.org/packages/4c/73/af17814750346b0204cd677ad87524f4fb82a7ba5317c7fb8fcd6f344d1e/h3-4.1.2-cp313-cp313-macosx_10_13_x86_64.whl", hash = "sha256:404746987c9f65e1a369729894c9aaf0f50640b134949cb7a704109f46dc49be", size = 855381 },
    { url = "https://files.pythonhosted.org/packages/4f/7d/e654a19c606581b109824ef28bbc5fad4c3db0e762b05cb37ec34e786c93/h3-4.1.2-cp313-cp313-macosx_11_0_arm64.whl", hash = "sha256:e680f384b3f2f351c7435a00632acefe006429f5d6271d118c9be4968a5d38e4", size = 794048 },
    { url = "https://files.pythonhosted.org/packages/fb/b9/dfba3b53808e996c1cbdee7a67b3d0bc082515351c86b546c5fdd667cf5e/h3-4.1.2-cp313-cp313-manylinux_2_17_aarch64.manylinux2014_aarch64.whl", hash = "sha256:8073e4169624dd4e628055aac0d04094f76919e8798039157163a64bf7f85b07", size = 971109 },
    { url = "https://files.pythonhosted.org/packages/62/38/f3cabbe70bc6ac85eef61fedad8cb1dfeef601f6e875d66cc11c09712df2/h3-4.1.2-cp313-cp313-manylinux_2_17_x86_64.manylinux2014_x86_64.whl", hash = "sha256:8e64ecdcdd09514dd86a4dbaf811de8927d27a106f887412825ae8bc51dbf8ea", size = 972556 },
    { url = "https://files.pythonhosted.org/packages/92/45/d19b9474c2764baf9584b28775ead87e208ddcd6a73e970521984e206c10/h3-4.1.2-cp313-cp313-musllinux_1_2_x86_64.whl", hash = "sha256:4d48b0afb056e8c2dd08b265d570490c92122b842c3e1068644625a6c4aa8f8a", size = 1021116 },
    { url = "https://files.pythonhosted.org/packages/b9/12/c1cdd86271397867830c5d65108f8c5e23408fea6801af79269d05473078/h3-4.1.2-cp313-cp313-win_amd64.whl", hash = "sha256:71f964d417d83ee8888f2ab9544c677b7a8a2311fb17eb9e5c23711671cb86be", size = 777732 },
]

[[package]]
name = "numpy"
version = "2.2.1"
source = { registry = "https://pypi.org/simple" }
sdist = { url = "https://files.pythonhosted.org/packages/f2/a5/fdbf6a7871703df6160b5cf3dd774074b086d278172285c52c2758b76305/numpy-2.2.1.tar.gz", hash = "sha256:45681fd7128c8ad1c379f0ca0776a8b0c6583d2f69889ddac01559dfe4390918", size = 20227662 }
wheels = [
    { url = "https://files.pythonhosted.org/packages/62/12/b928871c570d4a87ab13d2cc19f8817f17e340d5481621930e76b80ffb7d/numpy-2.2.1-cp312-cp312-macosx_10_13_x86_64.whl", hash = "sha256:694f9e921a0c8f252980e85bce61ebbd07ed2b7d4fa72d0e4246f2f8aa6642ab", size = 20909861 },
    { url = "https://files.pythonhosted.org/packages/3d/c3/59df91ae1d8ad7c5e03efd63fd785dec62d96b0fe56d1f9ab600b55009af/numpy-2.2.1-cp312-cp312-macosx_11_0_arm64.whl", hash = "sha256:3683a8d166f2692664262fd4900f207791d005fb088d7fdb973cc8d663626faa", size = 14095776 },
    { url = "https://files.pythonhosted.org/packages/af/4e/8ed5868efc8e601fb69419644a280e9c482b75691466b73bfaab7d86922c/numpy-2.2.1-cp312-cp312-macosx_14_0_arm64.whl", hash = "sha256:780077d95eafc2ccc3ced969db22377b3864e5b9a0ea5eb347cc93b3ea900315", size = 5126239 },
    { url = "https://files.pythonhosted.org/packages/1a/74/dd0bbe650d7bc0014b051f092f2de65e34a8155aabb1287698919d124d7f/numpy-2.2.1-cp312-cp312-macosx_14_0_x86_64.whl", hash = "sha256:55ba24ebe208344aa7a00e4482f65742969a039c2acfcb910bc6fcd776eb4355", size = 6659296 },
    { url = "https://files.pythonhosted.org/packages/7f/11/4ebd7a3f4a655764dc98481f97bd0a662fb340d1001be6050606be13e162/numpy-2.2.1-cp312-cp312-manylinux_2_17_aarch64.manylinux2014_aarch64.whl", hash = "sha256:9b1d07b53b78bf84a96898c1bc139ad7f10fda7423f5fd158fd0f47ec5e01ac7", size = 14047121 },
    { url = "https://files.pythonhosted.org/packages/7f/a7/c1f1d978166eb6b98ad009503e4d93a8c1962d0eb14a885c352ee0276a54/numpy-2.2.1-cp312-cp312-manylinux_2_17_x86_64.manylinux2014_x86_64.whl", hash = "sha256:5062dc1a4e32a10dc2b8b13cedd58988261416e811c1dc4dbdea4f57eea61b0d", size = 16096599 },
    { url = "https://files.pythonhosted.org/packages/3d/6d/0e22afd5fcbb4d8d0091f3f46bf4e8906399c458d4293da23292c0ba5022/numpy-2.2.1-cp312-cp312-musllinux_1_2_aarch64.whl", hash = "sha256:fce4f615f8ca31b2e61aa0eb5865a21e14f5629515c9151850aa936c02a1ee51", size = 15243932 },
    { url = "https://files.pythonhosted.org/packages/03/39/e4e5832820131ba424092b9610d996b37e5557180f8e2d6aebb05c31ae54/numpy-2.2.1-cp312-cp312-musllinux_1_2_x86_64.whl", hash = "sha256:67d4cda6fa6ffa073b08c8372aa5fa767ceb10c9a0587c707505a6d426f4e046", size = 17861032 },
    { url = "https://files.pythonhosted.org/packages/5f/8a/3794313acbf5e70df2d5c7d2aba8718676f8d054a05abe59e48417fb2981/numpy-2.2.1-cp312-cp312-win32.whl", hash = "sha256:32cb94448be47c500d2c7a95f93e2f21a01f1fd05dd2beea1ccd049bb6001cd2", size = 6274018 },
    { url = "https://files.pythonhosted.org/packages/17/c1/c31d3637f2641e25c7a19adf2ae822fdaf4ddd198b05d79a92a9ce7cb63e/numpy-2.2.1-cp312-cp312-win_amd64.whl", hash = "sha256:ba5511d8f31c033a5fcbda22dd5c813630af98c70b2661f2d2c654ae3cdfcfc8", size = 12613843 },
    { url = "https://files.pythonhosted.org/packages/20/d6/91a26e671c396e0c10e327b763485ee295f5a5a7a48c553f18417e5a0ed5/numpy-2.2.1-cp313-cp313-macosx_10_13_x86_64.whl", hash = "sha256:f1d09e520217618e76396377c81fba6f290d5f926f50c35f3a5f72b01a0da780", size = 20896464 },
    { url = "https://files.pythonhosted.org/packages/8c/40/5792ccccd91d45e87d9e00033abc4f6ca8a828467b193f711139ff1f1cd9/numpy-2.2.1-cp313-cp313-macosx_11_0_arm64.whl", hash = "sha256:3ecc47cd7f6ea0336042be87d9e7da378e5c7e9b3c8ad0f7c966f714fc10d821", size = 14111350 },
    { url = "https://files.pythonhosted.org/packages/c0/2a/fb0a27f846cb857cef0c4c92bef89f133a3a1abb4e16bba1c4dace2e9b49/numpy-2.2.1-cp313-cp313-macosx_14_0_arm64.whl", hash = "sha256:f419290bc8968a46c4933158c91a0012b7a99bb2e465d5ef5293879742f8797e", size = 5111629 },
    { url = "https://files.pythonhosted.org/packages/eb/e5/8e81bb9d84db88b047baf4e8b681a3e48d6390bc4d4e4453eca428ecbb49/numpy-2.2.1-cp313-cp313-macosx_14_0_x86_64.whl", hash = "sha256:5b6c390bfaef8c45a260554888966618328d30e72173697e5cabe6b285fb2348", size = 6645865 },
    { url = "https://files.pythonhosted.org/packages/7a/1a/a90ceb191dd2f9e2897c69dde93ccc2d57dd21ce2acbd7b0333e8eea4e8d/numpy-2.2.1-cp313-cp313-manylinux_2_17_aarch64.manylinux2014_aarch64.whl", hash = "sha256:526fc406ab991a340744aad7e25251dd47a6720a685fa3331e5c59fef5282a59", size = 14043508 },
    { url = "https://files.pythonhosted.org/packages/f1/5a/e572284c86a59dec0871a49cd4e5351e20b9c751399d5f1d79628c0542cb/numpy-2.2.1-cp313-cp313-manylinux_2_17_x86_64.manylinux2014_x86_64.whl", hash = "sha256:f74e6fdeb9a265624ec3a3918430205dff1df7e95a230779746a6af78bc615af", size = 16094100 },
    { url = "https://files.pythonhosted.org/packages/0c/2c/a79d24f364788386d85899dd280a94f30b0950be4b4a545f4fa4ed1d4ca7/numpy-2.2.1-cp313-cp313-musllinux_1_2_aarch64.whl", hash = "sha256:53c09385ff0b72ba79d8715683c1168c12e0b6e84fb0372e97553d1ea91efe51", size = 15239691 },
    { url = "https://files.pythonhosted.org/packages/cf/79/1e20fd1c9ce5a932111f964b544facc5bb9bde7865f5b42f00b4a6a9192b/numpy-2.2.1-cp313-cp313-musllinux_1_2_x86_64.whl", hash = "sha256:f3eac17d9ec51be534685ba877b6ab5edc3ab7ec95c8f163e5d7b39859524716", size = 17856571 },
    { url = "https://files.pythonhosted.org/packages/be/5b/cc155e107f75d694f562bdc84a26cc930569f3dfdfbccb3420b626065777/numpy-2.2.1-cp313-cp313-win32.whl", hash = "sha256:9ad014faa93dbb52c80d8f4d3dcf855865c876c9660cb9bd7553843dd03a4b1e", size = 6270841 },
    { url = "https://files.pythonhosted.org/packages/44/be/0e5cd009d2162e4138d79a5afb3b5d2341f0fe4777ab6e675aa3d4a42e21/numpy-2.2.1-cp313-cp313-win_amd64.whl", hash = "sha256:164a829b6aacf79ca47ba4814b130c4020b202522a93d7bff2202bfb33b61c60", size = 12606618 },
    { url = "https://files.pythonhosted.org/packages/a8/87/04ddf02dd86fb17c7485a5f87b605c4437966d53de1e3745d450343a6f56/numpy-2.2.1-cp313-cp313t-macosx_10_13_x86_64.whl", hash = "sha256:4dfda918a13cc4f81e9118dea249e192ab167a0bb1966272d5503e39234d694e", size = 20921004 },
    { url = "https://files.pythonhosted.org/packages/6e/3e/d0e9e32ab14005425d180ef950badf31b862f3839c5b927796648b11f88a/numpy-2.2.1-cp313-cp313t-macosx_11_0_arm64.whl", hash = "sha256:733585f9f4b62e9b3528dd1070ec4f52b8acf64215b60a845fa13ebd73cd0712", size = 14119910 },
    { url = "https://files.pythonhosted.org/packages/b5/5b/aa2d1905b04a8fb681e08742bb79a7bddfc160c7ce8e1ff6d5c821be0236/numpy-2.2.1-cp313-cp313t-macosx_14_0_arm64.whl", hash = "sha256:89b16a18e7bba224ce5114db863e7029803c179979e1af6ad6a6b11f70545008", size = 5153612 },
    { url = "https://files.pythonhosted.org/packages/ce/35/6831808028df0648d9b43c5df7e1051129aa0d562525bacb70019c5f5030/numpy-2.2.1-cp313-cp313t-macosx_14_0_x86_64.whl", hash = "sha256:676f4eebf6b2d430300f1f4f4c2461685f8269f94c89698d832cdf9277f30b84", size = 6668401 },
    { url = "https://files.pythonhosted.org/packages/b1/38/10ef509ad63a5946cc042f98d838daebfe7eaf45b9daaf13df2086b15ff9/numpy-2.2.1-cp313-cp313t-manylinux_2_17_aarch64.manylinux2014_aarch64.whl", hash = "sha256:27f5cdf9f493b35f7e41e8368e7d7b4bbafaf9660cba53fb21d2cd174ec09631", size = 14014198 },
    { url = "https://files.pythonhosted.org/packages/df/f8/c80968ae01df23e249ee0a4487fae55a4c0fe2f838dfe9cc907aa8aea0fa/numpy-2.2.1-cp313-cp313t-manylinux_2_17_x86_64.manylinux2014_x86_64.whl", hash = "sha256:c1ad395cf254c4fbb5b2132fee391f361a6e8c1adbd28f2cd8e79308a615fe9d", size = 16076211 },
    { url = "https://files.pythonhosted.org/packages/09/69/05c169376016a0b614b432967ac46ff14269eaffab80040ec03ae1ae8e2c/numpy-2.2.1-cp313-cp313t-musllinux_1_2_aarch64.whl", hash = "sha256:08ef779aed40dbc52729d6ffe7dd51df85796a702afbf68a4f4e41fafdc8bda5", size = 15220266 },
    { url = "https://files.pythonhosted.org/packages/f1/ff/94a4ce67ea909f41cf7ea712aebbe832dc67decad22944a1020bb398a5ee/numpy-2.2.1-cp313-cp313t-musllinux_1_2_x86_64.whl", hash = "sha256:26c9c4382b19fcfbbed3238a14abf7ff223890ea1936b8890f058e7ba35e8d71", size = 17852844 },
    { url = "https://files.pythonhosted.org/packages/46/72/8a5dbce4020dfc595592333ef2fbb0a187d084ca243b67766d29d03e0096/numpy-2.2.1-cp313-cp313t-win32.whl", hash = "sha256:93cf4e045bae74c90ca833cba583c14b62cb4ba2cba0abd2b141ab52548247e2", size = 6326007 },
    { url = "https://files.pythonhosted.org/packages/7b/9c/4fce9cf39dde2562584e4cfd351a0140240f82c0e3569ce25a250f47037d/numpy-2.2.1-cp313-cp313t-win_amd64.whl", hash = "sha256:bff7d8ec20f5f42607599f9994770fa65d76edca264a87b5e4ea5629bce12268", size = 12693107 },
]

[[package]]
name = "shapely"
version = "2.0.6"
source = { registry = "https://pypi.org/simple" }
dependencies = [
    { name = "numpy" },
]
sdist = { url = "https://files.pythonhosted.org/packages/4a/89/0d20bac88016be35ff7d3c0c2ae64b477908f1b1dfa540c5d69ac7af07fe/shapely-2.0.6.tar.gz", hash = "sha256:997f6159b1484059ec239cacaa53467fd8b5564dabe186cd84ac2944663b0bf6", size = 282361 }
wheels = [
    { url = "https://files.pythonhosted.org/packages/46/77/efd9f9d4b6a762f976f8b082f54c9be16f63050389500fb52e4f6cc07c1a/shapely-2.0.6-cp312-cp312-macosx_10_9_x86_64.whl", hash = "sha256:cec9193519940e9d1b86a3b4f5af9eb6910197d24af02f247afbfb47bcb3fab0", size = 1450326 },
    { url = "https://files.pythonhosted.org/packages/68/53/5efa6e7a4036a94fe6276cf7bbb298afded51ca3396b03981ad680c8cc7d/shapely-2.0.6-cp312-cp312-macosx_11_0_arm64.whl", hash = "sha256:83b94a44ab04a90e88be69e7ddcc6f332da7c0a0ebb1156e1c4f568bbec983c3", size = 1298480 },
    { url = "https://files.pythonhosted.org/packages/88/a2/1be1db4fc262e536465a52d4f19d85834724fedf2299a1b9836bc82fe8fa/shapely-2.0.6-cp312-cp312-manylinux_2_17_aarch64.manylinux2014_aarch64.whl", hash = "sha256:537c4b2716d22c92036d00b34aac9d3775e3691f80c7aa517c2c290351f42cd8", size = 2439311 },
    { url = "https://files.pythonhosted.org/packages/d5/7d/9a57e187cbf2fbbbdfd4044a4f9ce141c8d221f9963750d3b001f0ec080d/shapely-2.0.6-cp312-cp312-manylinux_2_17_x86_64.manylinux2014_x86_64.whl", hash = "sha256:98fea108334be345c283ce74bf064fa00cfdd718048a8af7343c59eb40f59726", size = 2524835 },
    { url = "https://files.pythonhosted.org/packages/6d/0a/f407509ab56825f39bf8cfce1fb410238da96cf096809c3e404e5bc71ea1/shapely-2.0.6-cp312-cp312-win32.whl", hash = "sha256:42fd4cd4834747e4990227e4cbafb02242c0cffe9ce7ef9971f53ac52d80d55f", size = 1295613 },
    { url = "https://files.pythonhosted.org/packages/7b/b3/857afd9dfbfc554f10d683ac412eac6fa260d1f4cd2967ecb655c57e831a/shapely-2.0.6-cp312-cp312-win_amd64.whl", hash = "sha256:665990c84aece05efb68a21b3523a6b2057e84a1afbef426ad287f0796ef8a48", size = 1442539 },
    { url = "https://files.pythonhosted.org/packages/34/e8/d164ef5b0eab86088cde06dee8415519ffd5bb0dd1bd9d021e640e64237c/shapely-2.0.6-cp313-cp313-macosx_10_13_x86_64.whl", hash = "sha256:42805ef90783ce689a4dde2b6b2f261e2c52609226a0438d882e3ced40bb3013", size = 1445344 },
    { url = "https://files.pythonhosted.org/packages/ce/e2/9fba7ac142f7831757a10852bfa465683724eadbc93d2d46f74a16f9af04/shapely-2.0.6-cp313-cp313-macosx_11_0_arm64.whl", hash = "sha256:6d2cb146191a47bd0cee8ff5f90b47547b82b6345c0d02dd8b25b88b68af62d7", size = 1296182 },
    { url = "https://files.pythonhosted.org/packages/cf/dc/790d4bda27d196cd56ec66975eaae3351c65614cafd0e16ddde39ec9fb92/shapely-2.0.6-cp313-cp313-manylinux_2_17_aarch64.manylinux2014_aarch64.whl", hash = "sha256:e3fdef0a1794a8fe70dc1f514440aa34426cc0ae98d9a1027fb299d45741c381", size = 2423426 },
    { url = "https://files.pythonhosted.org/packages/af/b0/f8169f77eac7392d41e231911e0095eb1148b4d40c50ea9e34d999c89a7e/shapely-2.0.6-cp313-cp313-manylinux_2_17_x86_64.manylinux2014_x86_64.whl", hash = "sha256:2c665a0301c645615a107ff7f52adafa2153beab51daf34587170d85e8ba6805", size = 2513249 },
    { url = "https://files.pythonhosted.org/packages/f6/1d/a8c0e9ab49ff2f8e4dedd71b0122eafb22a18ad7e9d256025e1f10c84704/shapely-2.0.6-cp313-cp313-win32.whl", hash = "sha256:0334bd51828f68cd54b87d80b3e7cee93f249d82ae55a0faf3ea21c9be7b323a", size = 1294848 },
    { url = "https://files.pythonhosted.org/packages/23/38/2bc32dd1e7e67a471d4c60971e66df0bdace88656c47a9a728ace0091075/shapely-2.0.6-cp313-cp313-win_amd64.whl", hash = "sha256:d37d070da9e0e0f0a530a621e17c0b8c3c9d04105655132a87cfff8bd77cc4c2", size = 1441371 },
]
